// !$*UTF8*$!
{
	archiveVersion = 1;
	classes = {
	};
	objectVersion = 46;
	objects = {

/* Begin PBXBuildFile section */
		408185BD1D49E7B70092C363 /* EMSocketRequest.m in Sources */ = {isa = PBXBuildFile; fileRef = 408185BC1D49E7B70092C363 /* EMSocketRequest.m */; };
		408185C01D49E9570092C363 /* EXCSocketRequestQueue.m in Sources */ = {isa = PBXBuildFile; fileRef = 408185BF1D49E9570092C363 /* EXCSocketRequestQueue.m */; };
		408185C31D49E9B40092C363 /* EXCSocketManager.m in Sources */ = {isa = PBXBuildFile; fileRef = 408185C21D49E9B40092C363 /* EXCSocketManager.m */; };
		40B5C69B1D35CC3C00AF278C /* main.m in Sources */ = {isa = PBXBuildFile; fileRef = 40B5C69A1D35CC3C00AF278C /* main.m */; };
		40B5C69E1D35CC3C00AF278C /* AppDelegate.m in Sources */ = {isa = PBXBuildFile; fileRef = 40B5C69D1D35CC3C00AF278C /* AppDelegate.m */; };
		40B5C6A11D35CC3C00AF278C /* ViewController.m in Sources */ = {isa = PBXBuildFile; fileRef = 40B5C6A01D35CC3C00AF278C /* ViewController.m */; };
		40B5C6A41D35CC3C00AF278C /* Main.storyboard in Resources */ = {isa = PBXBuildFile; fileRef = 40B5C6A21D35CC3C00AF278C /* Main.storyboard */; };
		40B5C6A61D35CC3C00AF278C /* Assets.xcassets in Resources */ = {isa = PBXBuildFile; fileRef = 40B5C6A51D35CC3C00AF278C /* Assets.xcassets */; };
		40B5C6A91D35CC3C00AF278C /* LaunchScreen.storyboard in Resources */ = {isa = PBXBuildFile; fileRef = 40B5C6A71D35CC3C00AF278C /* LaunchScreen.storyboard */; };
		CB2D5BFE22A74EB3BDF39754 /* Pods.framework in Frameworks */ = {isa = PBXBuildFile; fileRef = 3E581737152637E5AC6D7B09 /* Pods.framework */; };
/* End PBXBuildFile section */

/* Begin PBXFileReference section */
		3484EF0BD574D553C4C63D0D /* Pods.release.xcconfig */ = {isa = PBXFileReference; includeInIndex = 1; lastKnownFileType = text.xcconfig; name = Pods.release.xcconfig; path = "Pods/Target Support Files/Pods/Pods.release.xcconfig"; sourceTree = "<group>"; };
		3E581737152637E5AC6D7B09 /* Pods.framework */ = {isa = PBXFileReference; explicitFileType = wrapper.framework; includeInIndex = 0; path = Pods.framework; sourceTree = BUILT_PRODUCTS_DIR; };
		408185BB1D49E7B70092C363 /* EMSocketRequest.h */ = {isa = PBXFileReference; fileEncoding = 4; lastKnownFileType = sourcecode.c.h; path = EMSocketRequest.h; sourceTree = "<group>"; };
		408185BC1D49E7B70092C363 /* EMSocketRequest.m */ = {isa = PBXFileReference; fileEncoding = 4; lastKnownFileType = sourcecode.c.objc; path = EMSocketRequest.m; sourceTree = "<group>"; };
		408185BE1D49E9560092C363 /* EXCSocketRequestQueue.h */ = {isa = PBXFileReference; fileEncoding = 4; lastKnownFileType = sourcecode.c.h; path = EXCSocketRequestQueue.h; sourceTree = "<group>"; };
		408185BF1D49E9570092C363 /* EXCSocketRequestQueue.m */ = {isa = PBXFileReference; fileEncoding = 4; lastKnownFileType = sourcecode.c.objc; path = EXCSocketRequestQueue.m; sourceTree = "<group>"; };
		408185C11D49E9B40092C363 /* EXCSocketManager.h */ = {isa = PBXFileReference; fileEncoding = 4; lastKnownFileType = sourcecode.c.h; path = EXCSocketManager.h; sourceTree = "<group>"; };
		408185C21D49E9B40092C363 /* EXCSocketManager.m */ = {isa = PBXFileReference; fileEncoding = 4; lastKnownFileType = sourcecode.c.objc; path = EXCSocketManager.m; sourceTree = "<group>"; };
		40B5C6961D35CC3C00AF278C /* testSocket.app */ = {isa = PBXFileReference; explicitFileType = wrapper.application; includeInIndex = 0; path = testSocket.app; sourceTree = BUILT_PRODUCTS_DIR; };
		40B5C69A1D35CC3C00AF278C /* main.m */ = {isa = PBXFileReference; lastKnownFileType = sourcecode.c.objc; path = main.m; sourceTree = "<group>"; };
		40B5C69C1D35CC3C00AF278C /* AppDelegate.h */ = {isa = PBXFileReference; lastKnownFileType = sourcecode.c.h; path = AppDelegate.h; sourceTree = "<group>"; };
		40B5C69D1D35CC3C00AF278C /* AppDelegate.m */ = {isa = PBXFileReference; lastKnownFileType = sourcecode.c.objc; path = AppDelegate.m; sourceTree = "<group>"; };
		40B5C69F1D35CC3C00AF278C /* ViewController.h */ = {isa = PBXFileReference; lastKnownFileType = sourcecode.c.h; path = ViewController.h; sourceTree = "<group>"; };
		40B5C6A01D35CC3C00AF278C /* ViewController.m */ = {isa = PBXFileReference; lastKnownFileType = sourcecode.c.objc; path = ViewController.m; sourceTree = "<group>"; };
		40B5C6A31D35CC3C00AF278C /* Base */ = {isa = PBXFileReference; lastKnownFileType = file.storyboard; name = Base; path = Base.lproj/Main.storyboard; sourceTree = "<group>"; };
		40B5C6A51D35CC3C00AF278C /* Assets.xcassets */ = {isa = PBXFileReference; lastKnownFileType = folder.assetcatalog; path = Assets.xcassets; sourceTree = "<group>"; };
		40B5C6A81D35CC3C00AF278C /* Base */ = {isa = PBXFileReference; lastKnownFileType = file.storyboard; name = Base; path = Base.lproj/LaunchScreen.storyboard; sourceTree = "<group>"; };
		40B5C6AA1D35CC3C00AF278C /* Info.plist */ = {isa = PBXFileReference; lastKnownFileType = text.plist.xml; path = Info.plist; sourceTree = "<group>"; };
		4C538440B2E647DD10E9C879 /* Pods.debug.xcconfig */ = {isa = PBXFileReference; includeInIndex = 1; lastKnownFileType = text.xcconfig; name = Pods.debug.xcconfig; path = "Pods/Target Support Files/Pods/Pods.debug.xcconfig"; sourceTree = "<group>"; };
/* End PBXFileReference section */

/* Begin PBXFrameworksBuildPhase section */
		40B5C6931D35CC3C00AF278C /* Frameworks */ = {
			isa = PBXFrameworksBuildPhase;
			buildActionMask = 2147483647;
			files = (
				CB2D5BFE22A74EB3BDF39754 /* Pods.framework in Frameworks */,
			);
			runOnlyForDeploymentPostprocessing = 0;
		};
/* End PBXFrameworksBuildPhase section */

/* Begin PBXGroup section */
		40B5C68D1D35CC3C00AF278C = {
			isa = PBXGroup;
			children = (
				40B5C6981D35CC3C00AF278C /* testSocket */,
				40B5C6971D35CC3C00AF278C /* Products */,
				6EBB59F8BCA56957FE78FACB /* Pods */,
				B68B1B962A17A15271844E60 /* Frameworks */,
			);
			sourceTree = "<group>";
		};
		40B5C6971D35CC3C00AF278C /* Products */ = {
			isa = PBXGroup;
			children = (
				40B5C6961D35CC3C00AF278C /* testSocket.app */,
			);
			name = Products;
			sourceTree = "<group>";
		};
		40B5C6981D35CC3C00AF278C /* testSocket */ = {
			isa = PBXGroup;
			children = (
				40B5C69C1D35CC3C00AF278C /* AppDelegate.h */,
				40B5C69D1D35CC3C00AF278C /* AppDelegate.m */,
				40B5C69F1D35CC3C00AF278C /* ViewController.h */,
				40B5C6A01D35CC3C00AF278C /* ViewController.m */,
				40B5C6A21D35CC3C00AF278C /* Main.storyboard */,
				40B5C6A51D35CC3C00AF278C /* Assets.xcassets */,
				40B5C6A71D35CC3C00AF278C /* LaunchScreen.storyboard */,
				40B5C6AA1D35CC3C00AF278C /* Info.plist */,
				40B5C6991D35CC3C00AF278C /* Supporting Files */,
				408185BB1D49E7B70092C363 /* EMSocketRequest.h */,
				408185BC1D49E7B70092C363 /* EMSocketRequest.m */,
				408185BE1D49E9560092C363 /* EXCSocketRequestQueue.h */,
				408185BF1D49E9570092C363 /* EXCSocketRequestQueue.m */,
				408185C11D49E9B40092C363 /* EXCSocketManager.h */,
				408185C21D49E9B40092C363 /* EXCSocketManager.m */,
			);
			path = testSocket;
			sourceTree = "<group>";
		};
		40B5C6991D35CC3C00AF278C /* Supporting Files */ = {
			isa = PBXGroup;
			children = (
				40B5C69A1D35CC3C00AF278C /* main.m */,
			);
			name = "Supporting Files";
			sourceTree = "<group>";
		};
		6EBB59F8BCA56957FE78FACB /* Pods */ = {
			isa = PBXGroup;
			children = (
				4C538440B2E647DD10E9C879 /* Pods.debug.xcconfig */,
				3484EF0BD574D553C4C63D0D /* Pods.release.xcconfig */,
			);
			name = Pods;
			sourceTree = "<group>";
		};
		B68B1B962A17A15271844E60 /* Frameworks */ = {
			isa = PBXGroup;
			children = (
				3E581737152637E5AC6D7B09 /* Pods.framework */,
			);
			name = Frameworks;
			sourceTree = "<group>";
		};
/* End PBXGroup section */

/* Begin PBXNativeTarget section */
		40B5C6951D35CC3C00AF278C /* testSocket */ = {
			isa = PBXNativeTarget;
			buildConfigurationList = 40B5C6AD1D35CC3C00AF278C /* Build configuration list for PBXNativeTarget "testSocket" */;
			buildPhases = (
				C1F5B6292C85EBEEACDCC1A3 /* Check Pods Manifest.lock */,
				40B5C6921D35CC3C00AF278C /* Sources */,
				40B5C6931D35CC3C00AF278C /* Frameworks */,
				40B5C6941D35CC3C00AF278C /* Resources */,
				92BA2FFBC2F3710C13253FBC /* Embed Pods Frameworks */,
				C4254A53E01AFAB2A82E3D25 /* Copy Pods Resources */,
			);
			buildRules = (
			);
			dependencies = (
			);
			name = testSocket;
			productName = testSocket;
			productReference = 40B5C6961D35CC3C00AF278C /* testSocket.app */;
			productType = "com.apple.product-type.application";
		};
/* End PBXNativeTarget section */

/* Begin PBXProject section */
		40B5C68E1D35CC3C00AF278C /* Project object */ = {
			isa = PBXProject;
			attributes = {
				LastUpgradeCheck = 0730;
				ORGANIZATIONNAME = yixincheng;
				TargetAttributes = {
					40B5C6951D35CC3C00AF278C = {
						CreatedOnToolsVersion = 7.3;
					};
				};
			};
			buildConfigurationList = 40B5C6911D35CC3C00AF278C /* Build configuration list for PBXProject "testSocket" */;
			compatibilityVersion = "Xcode 3.2";
			developmentRegion = English;
			hasScannedForEncodings = 0;
			knownRegions = (
				en,
				Base,
			);
			mainGroup = 40B5C68D1D35CC3C00AF278C;
			productRefGroup = 40B5C6971D35CC3C00AF278C /* Products */;
			projectDirPath = "";
			projectRoot = "";
			targets = (
				40B5C6951D35CC3C00AF278C /* testSocket */,
			);
		};
/* End PBXProject section */

/* Begin PBXResourcesBuildPhase section */
		40B5C6941D35CC3C00AF278C /* Resources */ = {
			isa = PBXResourcesBuildPhase;
			buildActionMask = 2147483647;
			files = (
				40B5C6A91D35CC3C00AF278C /* LaunchScreen.storyboard in Resources */,
				40B5C6A61D35CC3C00AF278C /* Assets.xcassets in Resources */,
				40B5C6A41D35CC3C00AF278C /* Main.storyboard in Resources */,
			);
			runOnlyForDeploymentPostprocessing = 0;
		};
/* End PBXResourcesBuildPhase section */

/* Begin PBXShellScriptBuildPhase section */
		92BA2FFBC2F3710C13253FBC /* Embed Pods Frameworks */ = {
			isa = PBXShellScriptBuildPhase;
			buildActionMask = 2147483647;
			files = (
			);
			inputPaths = (
			);
			name = "Embed Pods Frameworks";
			outputPaths = (
			);
			runOnlyForDeploymentPostprocessing = 0;
			shellPath = /bin/sh;
			shellScript = "\"${SRCROOT}/Pods/Target Support Files/Pods/Pods-frameworks.sh\"\n";
			showEnvVarsInLog = 0;
		};
		C1F5B6292C85EBEEACDCC1A3 /* Check Pods Manifest.lock */ = {
			isa = PBXShellScriptBuildPhase;
			buildActionMask = 2147483647;
			files = (
			);
			inputPaths = (
			);
			name = "Check Pods Manifest.lock";
			outputPaths = (
			);
			runOnlyForDeploymentPostprocessing = 0;
			shellPath = /bin/sh;
			shellScript = "diff \"${PODS_ROOT}/../Podfile.lock\" \"${PODS_ROOT}/Manifest.lock\" > /dev/null\nif [[ $? != 0 ]] ; then\n    cat << EOM\nerror: The sandbox is not in sync with the Podfile.lock. Run 'pod install' or update your CocoaPods installation.\nEOM\n    exit 1\nfi\n";
			showEnvVarsInLog = 0;
		};
		C4254A53E01AFAB2A82E3D25 /* Copy Pods Resources */ = {
			isa = PBXShellScriptBuildPhase;
			buildActionMask = 2147483647;
			files = (
			);
			inputPaths = (
			);
			name = "Copy Pods Resources";
			outputPaths = (
			);
			runOnlyForDeploymentPostprocessing = 0;
			shellPath = /bin/sh;
			shellScript = "\"${SRCROOT}/Pods/Target Support Files/Pods/Pods-resources.sh\"\n";
			showEnvVarsInLog = 0;
		};
/* End PBXShellScriptBuildPhase section */

/* Begin PBXSourcesBuildPhase section */
		40B5C6921D35CC3C00AF278C /* Sources */ = {
			isa = PBXSourcesBuildPhase;
			buildActionMask = 2147483647;
			files = (
				40B5C6A11D35CC3C00AF278C /* ViewController.m in Sources */,
				408185C31D49E9B40092C363 /* EXCSocketManager.m in Sources */,
				408185BD1D49E7B70092C363 /* EMSocketRequest.m in Sources */,
				40B5C69E1D35CC3C00AF278C /* AppDelegate.m in Sources */,
				408185C01D49E9570092C363 /* EXCSocketRequestQueue.m in Sources */,
				40B5C69B1D35CC3C00AF278C /* main.m in Sources */,
			);
			runOnlyForDeploymentPostprocessing = 0;
		};
/* End PBXSourcesBuildPhase section */

/* Begin PBXVariantGroup section */
		40B5C6A21D35CC3C00AF278C /* Main.storyboard */ = {
			isa = PBXVariantGroup;
			children = (
				40B5C6A31D35CC3C00AF278C /* Base */,
			);
			name = Main.storyboard;
			sourceTree = "<group>";
		};
		40B5C6A71D35CC3C00AF278C /* LaunchScreen.storyboard */ = {
			isa = PBXVariantGroup;
			children = (
				40B5C6A81D35CC3C00AF278C /* Base */,
			);
			name = LaunchScreen.storyboard;
			sourceTree = "<group>";
		};
/* End PBXVariantGroup section */

/* Begin XCBuildConfiguration section */
		40B5C6AB1D35CC3C00AF278C /* Debug */ = {
			isa = XCBuildConfiguration;
			buildSettings = {
				ALWAYS_SEARCH_USER_PATHS = NO;
				CLANG_ANALYZER_NONNULL = YES;
				CLANG_CXX_LANGUAGE_STANDARD = "gnu++0x";
				CLANG_CXX_LIBRARY = "libc++";
				CLANG_ENABLE_MODULES = YES;
				CLANG_ENABLE_OBJC_ARC = YES;
				CLANG_WARN_BOOL_CONVERSION = YES;
				CLANG_WARN_CONSTANT_CONVERSION = YES;
				CLANG_WARN_DIRECT_OBJC_ISA_USAGE = YES_ERROR;
				CLANG_WARN_EMPTY_BODY = YES;
				CLANG_WARN_ENUM_CONVERSION = YES;
				CLANG_WARN_INT_CONVERSION = YES;
				CLANG_WARN_OBJC_ROOT_CLASS = YES_ERROR;
				CLANG_WARN_UNREACHABLE_CODE = YES;
				CLANG_WARN__DUPLICATE_METHOD_MATCH = YES;
				"CODE_SIGN_IDENTITY[sdk=iphoneos*]" = "iPhone Developer";
				COPY_PHASE_STRIP = NO;
				DEBUG_INFORMATION_FORMAT = dwarf;
				ENABLE_STRICT_OBJC_MSGSEND = YES;
				ENABLE_TESTABILITY = YES;
				GCC_C_LANGUAGE_STANDARD = gnu99;
				GCC_DYNAMIC_NO_PIC = NO;
				GCC_NO_COMMON_BLOCKS = YES;
				GCC_OPTIMIZATION_LEVEL = 0;
				GCC_PREPROCESSOR_DEFINITIONS = (
					"DEBUG=1",
					"$(inherited)",
				);
				GCC_WARN_64_TO_32_BIT_CONVERSION = YES;
				GCC_WARN_ABOUT_RETURN_TYPE = YES_ERROR;
				GCC_WARN_UNDECLARED_SELECTOR = YES;
				GCC_WARN_UNINITIALIZED_AUTOS = YES_AGGRESSIVE;
				GCC_WARN_UNUSED_FUNCTION = YES;
				GCC_WARN_UNUSED_VARIABLE = YES;
				IPHONEOS_DEPLOYMENT_TARGET = 9.3;
				MTL_ENABLE_DEBUG_INFO = YES;
				ONLY_ACTIVE_ARCH = YES;
				SDKROOT = iphoneos;
			};
			name = Debug;
		};
		40B5C6AC1D35CC3C00AF278C /* Release */ = {
			isa = XCBuildConfiguration;
			buildSettings = {
				ALWAYS_SEARCH_USER_PATHS = NO;
				CLANG_ANALYZER_NONNULL = YES;
				CLANG_CXX_LANGUAGE_STANDARD = "gnu++0x";
				CLANG_CXX_LIBRARY = "libc++";
				CLANG_ENABLE_MODULES = YES;
				CLANG_ENABLE_OBJC_ARC = YES;
				CLANG_WARN_BOOL_CONVERSION = YES;
				CLANG_WARN_CONSTANT_CONVERSION = YES;
				CLANG_WARN_DIRECT_OBJC_ISA_USAGE = YES_ERROR;
				CLANG_WARN_EMPTY_BODY = YES;
				CLANG_WARN_ENUM_CONVERSION = YES;
				CLANG_WARN_INT_CONVERSION = YES;
				CLANG_WARN_OBJC_ROOT_CLASS = YES_ERROR;
				CLANG_WARN_UNREACHABLE_CODE = YES;
				CLANG_WARN__DUPLICATE_METHOD_MATCH = YES;
				"CODE_SIGN_IDENTITY[sdk=iphoneos*]" = "iPhone Developer";
				COPY_PHASE_STRIP = NO;
				DEBUG_INFORMATION_FORMAT = "dwarf-with-dsym";
				ENABLE_NS_ASSERTIONS = NO;
				ENABLE_STRICT_OBJC_MSGSEND = YES;
				GCC_C_LANGUAGE_STANDARD = gnu99;
				GCC_NO_COMMON_BLOCKS = YES;
				GCC_WARN_64_TO_32_BIT_CONVERSION = YES;
				GCC_WARN_ABOUT_RETURN_TYPE = YES_ERROR;
				GCC_WARN_UNDECLARED_SELECTOR = YES;
				GCC_WARN_UNINITIALIZED_AUTOS = YES_AGGRESSIVE;
				GCC_WARN_UNUSED_FUNCTION = YES;
				GCC_WARN_UNUSED_VARIABLE = YES;
				IPHONEOS_DEPLOYMENT_TARGET = 9.3;
				MTL_ENABLE_DEBUG_INFO = NO;
				SDKROOT = iphoneos;
				VALIDATE_PRODUCT = YES;
			};
			name = Release;
		};
		40B5C6AE1D35CC3C00AF278C /* Debug */ = {
			isa = XCBuildConfiguration;
			baseConfigurationReference = 4C538440B2E647DD10E9C879 /* Pods.debug.xcconfig */;
			buildSettings = {
				ASSETCATALOG_COMPILER_APPICON_NAME = AppIcon;
				INFOPLIST_FILE = testSocket/Info.plist;
				LD_RUNPATH_SEARCH_PATHS = "$(inherited) @executable_path/Frameworks";
				PRODUCT_BUNDLE_IDENTIFIER = ycxkeji.com.testSocket;
				PRODUCT_NAME = "$(TARGET_NAME)";
			};
			name = Debug;
		};
		40B5C6AF1D35CC3C00AF278C /* Release */ = {
			isa = XCBuildConfiguration;
			baseConfigurationReference = 3484EF0BD574D553C4C63D0D /* Pods.release.xcconfig */;
			buildSettings = {
				ASSETCATALOG_COMPILER_APPICON_NAME = AppIcon;
				INFOPLIST_FILE = testSocket/Info.plist;
				LD_RUNPATH_SEARCH_PATHS = "$(inherited) @executable_path/Frameworks";
				PRODUCT_BUNDLE_IDENTIFIER = ycxkeji.com.testSocket;
				PRODUCT_NAME = "$(TARGET_NAME)";
			};
			name = Release;
		};
/* End XCBuildConfiguration section */

/* Begin XCConfigurationList section */
		40B5C6911D35CC3C00AF278C /* Build configuration list for PBXProject "testSocket" */ = {
			isa = XCConfigurationList;
			buildConfigurations = (
				40B5C6AB1D35CC3C00AF278C /* Debug */,
				40B5C6AC1D35CC3C00AF278C /* Release */,
			);
			defaultConfigurationIsVisible = 0;
			defaultConfigurationName = Release;
		};
		40B5C6AD1D35CC3C00AF278C /* Build configuration list for PBXNativeTarget "testSocket" */ = {
			isa = XCConfigurationList;
			buildConfigurations = (
				40B5C6AE1D35CC3C00AF278C /* Debug */,
				40B5C6AF1D35CC3C00AF278C /* Release */,
			);
			defaultConfigurationIsVisible = 0;
			defaultConfigurationName = Release;
		};
/* End XCConfigurationList section */
	};
	rootObject = 40B5C68E1D35CC3C00AF278C /* Project object */;
}
